
Microsoft Visual Studio Solution File, Format Version 12.00
# Visual Studio 15
VisualStudioVersion = 15.0.28307.852
MinimumVisualStudioVersion = 10.0.40219.1
Project("{FAE04EC0-301F-11D3-BF4B-00C04F79EFBC}") = "ProjetoMFMovelaria", "ProjetoMFMovelaria\ProjetoMFMovelaria.csproj", "{981647B4-9EAA-45E4-8A62-283F8E82E793}"
EndProject
Global
	GlobalSection(SolutionConfigurationPlatforms) = preSolution
		Debug|Any CPU = Debug|Any CPU
		Release|Any CPU = Release|Any CPU
	EndGlobalSection
	GlobalSection(ProjectConfigurationPlatforms) = postSolution
		{981647B4-9EAA-45E4-8A62-283F8E82E793}.Debug|Any CPU.ActiveCfg = Debug|Any CPU
		{981647B4-9EAA-45E4-8A62-283F8E82E793}.Debug|Any CPU.Build.0 = Debug|Any CPU
		{981647B4-9EAA-45E4-8A62-283F8E82E793}.Release|Any CPU.ActiveCfg = Release|Any CPU
		{981647B4-9EAA-45E4-8A62-283F8E82E793}.Release|Any CPU.Build.0 = Release|Any CPU
	EndGlobalSection
	GlobalSection(SolutionProperties) = preSolution
		HideSolutionNode = FALSE
	EndGlobalSection
	GlobalSection(ExtensibilityGlobals) = postSolution
		SolutionGuid = {D78654FB-AAEB-4D3C-81F8-37382A7BCFCA}
	EndGlobalSection
EndGlobal
